
Microsoft Visual Studio Solution File, Format Version 12.00
# Visual Studio Version 16
VisualStudioVersion = 16.0.810.14
MinimumVisualStudioVersion = 10.0.40219.1
Project("{FAE04EC0-301F-11D3-BF4B-00C04F79EFBC}") = "Knock.net", "Knock.net\Knock.net.csproj", "{F7DAB812-9EF5-4007-844E-5A68CC246C66}"
EndProject
Project("{FAE04EC0-301F-11D3-BF4B-00C04F79EFBC}") = "KnockTests", "KnockTests\KnockTests.csproj", "{36EA13E8-643A-4B06-8A09-C993074AA4CA}"
EndProject
Global
	GlobalSection(SolutionConfigurationPlatforms) = preSolution
		Debug|Any CPU = Debug|Any CPU
		Release|Any CPU = Release|Any CPU
	EndGlobalSection
	GlobalSection(ProjectConfigurationPlatforms) = postSolution
		{F7DAB812-9EF5-4007-844E-5A68CC246C66}.Debug|Any CPU.ActiveCfg = Debug|Any CPU
		{F7DAB812-9EF5-4007-844E-5A68CC246C66}.Debug|Any CPU.Build.0 = Debug|Any CPU
		{F7DAB812-9EF5-4007-844E-5A68CC246C66}.Release|Any CPU.ActiveCfg = Release|Any CPU
		{F7DAB812-9EF5-4007-844E-5A68CC246C66}.Release|Any CPU.Build.0 = Release|Any CPU
		{36EA13E8-643A-4B06-8A09-C993074AA4CA}.Debug|Any CPU.ActiveCfg = Debug|Any CPU
		{36EA13E8-643A-4B06-8A09-C993074AA4CA}.Debug|Any CPU.Build.0 = Debug|Any CPU
		{36EA13E8-643A-4B06-8A09-C993074AA4CA}.Release|Any CPU.ActiveCfg = Release|Any CPU
		{36EA13E8-643A-4B06-8A09-C993074AA4CA}.Release|Any CPU.Build.0 = Release|Any CPU
	EndGlobalSection
	GlobalSection(SolutionProperties) = preSolution
		HideSolutionNode = FALSE
	EndGlobalSection
	GlobalSection(ExtensibilityGlobals) = postSolution
		SolutionGuid = {3432DB80-BAC8-4E71-B4EA-EAA24B233738}
	EndGlobalSection
	GlobalSection(MonoDevelopProperties) = preSolution
		Policies = $0
		$0.DotNetNamingPolicy = $1
		$1.DirectoryNamespaceAssociation = PrefixedHierarchical
		$0.TextStylePolicy = $2
		$2.inheritsSet = null
		$2.scope = text/x-csharp
		$0.CSharpFormattingPolicy = $3
		$3.scope = text/x-csharp
		$0.StandardHeader = $4
		version = 0.1.11
	EndGlobalSection
EndGlobal
